
Microsoft Visual Studio Solution File, Format Version 12.00
# Visual Studio Version 17
VisualStudioVersion = 17.11.35327.3
MinimumVisualStudioVersion = 10.0.40219.1
Project("{FAE04EC0-301F-11D3-BF4B-00C04F79EFBC}") = "Avalonia.IconPathPack", "Avalonia.IconPathPack\Avalonia.IconPathPack.csproj", "{15A90C50-F726-4001-866B-C5C589D6A251}"
EndProject
Global
	GlobalSection(SolutionConfigurationPlatforms) = preSolution
		Debug|Any CPU = Debug|Any CPU
		Release|Any CPU = Release|Any CPU
	EndGlobalSection
	GlobalSection(ProjectConfigurationPlatforms) = postSolution
		{15A90C50-F726-4001-866B-C5C589D6A251}.Debug|Any CPU.ActiveCfg = Debug|Any CPU
		{15A90C50-F726-4001-866B-C5C589D6A251}.Debug|Any CPU.Build.0 = Debug|Any CPU
		{15A90C50-F726-4001-866B-C5C589D6A251}.Release|Any CPU.ActiveCfg = Release|Any CPU
		{15A90C50-F726-4001-866B-C5C589D6A251}.Release|Any CPU.Build.0 = Release|Any CPU
	EndGlobalSection
	GlobalSection(SolutionProperties) = preSolution
		HideSolutionNode = FALSE
	EndGlobalSection
	GlobalSection(ExtensibilityGlobals) = postSolution
		SolutionGuid = {47429EF7-1B9F-4DD9-8F8D-B291C255B805}
	EndGlobalSection
EndGlobal
